
Microsoft Visual Studio Solution File, Format Version 12.00
# Visual Studio 15
Project("{FAE04EC0-301F-11D3-BF4B-00C04F79EFBC}") = "Assembly-CSharp-Editor", "Assembly-CSharp-Editor.csproj", "{C3006FCC-DE70-43B0-72C9-08AA2A85513E}"
EndProject
Project("{FAE04EC0-301F-11D3-BF4B-00C04F79EFBC}") = "Assembly-CSharp", "Assembly-CSharp.csproj", "{F51587D8-55B4-B0B7-C9B5-DC549E775502}"
EndProject
Global
	GlobalSection(SolutionConfigurationPlatforms) = preSolution
		Debug|Any CPU = Debug|Any CPU
		Release|Any CPU = Release|Any CPU
	EndGlobalSection
	GlobalSection(ProjectConfigurationPlatforms) = postSolution
		{C3006FCC-DE70-43B0-72C9-08AA2A85513E}.Debug|Any CPU.ActiveCfg = Debug|Any CPU
		{C3006FCC-DE70-43B0-72C9-08AA2A85513E}.Debug|Any CPU.Build.0 = Debug|Any CPU
		{C3006FCC-DE70-43B0-72C9-08AA2A85513E}.Release|Any CPU.ActiveCfg = Release|Any CPU
		{C3006FCC-DE70-43B0-72C9-08AA2A85513E}.Release|Any CPU.Build.0 = Release|Any CPU
		{F51587D8-55B4-B0B7-C9B5-DC549E775502}.Debug|Any CPU.ActiveCfg = Debug|Any CPU
		{F51587D8-55B4-B0B7-C9B5-DC549E775502}.Debug|Any CPU.Build.0 = Debug|Any CPU
		{F51587D8-55B4-B0B7-C9B5-DC549E775502}.Release|Any CPU.ActiveCfg = Release|Any CPU
		{F51587D8-55B4-B0B7-C9B5-DC549E775502}.Release|Any CPU.Build.0 = Release|Any CPU
	EndGlobalSection
	GlobalSection(SolutionProperties) = preSolution
		HideSolutionNode = FALSE
	EndGlobalSection
EndGlobal
